// !$*UTF8*$!
{
	archiveVersion = 1;
	classes = {
	};
	objectVersion = 77;
	objects = {

/* Begin PBXBuildFile section */
		F96742CA2EDDA1D50096F590 /* AI_PLAYER_IMPLEMENTATION_GUIDE.md in Resources */ = {isa = PBXBuildFile; fileRef = F96742C82EDDA1D50096F590 /* AI_PLAYER_IMPLEMENTATION_GUIDE.md */; };
		F96742CB2EDDA1D50096F590 /* AI_PLAYER_STEP_BY_STEP_GUIDE.md in Resources */ = {isa = PBXBuildFile; fileRef = F96742C92EDDA1D50096F590 /* AI_PLAYER_STEP_BY_STEP_GUIDE.md */; };
		F97A04312ED6182B00FC0FD4 /* ASSISTANT_RULES.md in Resources */ = {isa = PBXBuildFile; fileRef = F97A04302ED6182B00FC0FD4 /* ASSISTANT_RULES.md */; };
		F97AFB652ECF3E6900FC0FD4 /* TODO_FROM_CODE_REVIEWS_2025-11-20.md in Resources */ = {isa = PBXBuildFile; fileRef = F97AFB642ECF3E6900FC0FD4 /* TODO_FROM_CODE_REVIEWS_2025-11-20.md */; };
		F97AFC432ED08D1D00FC0FD4 /* UI_TEST_FIXES_2025-11-21.md in Resources */ = {isa = PBXBuildFile; fileRef = F97AFC422ED08D1D00FC0FD4 /* UI_TEST_FIXES_2025-11-21.md */; };
		F9F3BEF42ECC981E00C65753 /* ci.yml in Resources */ = {isa = PBXBuildFile; fileRef = F9F3BEF32ECC981E00C65753 /* ci.yml */; };
		F9F3BEF62ECC984E00C65753 /* CI_WORKFLOW_VISUAL_GUIDE.md in Resources */ = {isa = PBXBuildFile; fileRef = F9F3BEF52ECC984E00C65753 /* CI_WORKFLOW_VISUAL_GUIDE.md */; };
		F9F3BEFB2ECC986400C65753 /* pr-checks.yml in Resources */ = {isa = PBXBuildFile; fileRef = F9F3BEFA2ECC986400C65753 /* pr-checks.yml */; };
		F9F3BEFC2ECC986400C65753 /* code-review.yml in Resources */ = {isa = PBXBuildFile; fileRef = F9F3BEF72ECC986400C65753 /* code-review.yml */; };
		F9F3BEFD2ECC986400C65753 /* deploy.yml in Resources */ = {isa = PBXBuildFile; fileRef = F9F3BEF92ECC986400C65753 /* deploy.yml */; };
		F9F3BEFE2ECC986400C65753 /* coverage.yml in Resources */ = {isa = PBXBuildFile; fileRef = F9F3BEF82ECC986400C65753 /* coverage.yml */; };
		F9F3BF002ECCA75300C65753 /* .gitattributes in Resources */ = {isa = PBXBuildFile; fileRef = F9F3BEFF2ECCA75300C65753 /* .gitattributes */; };
		F9F3BF022ECCA77300C65753 /* CI_TROUBLESHOOTING.md in Resources */ = {isa = PBXBuildFile; fileRef = F9F3BF012ECCA77300C65753 /* CI_TROUBLESHOOTING.md */; };
		F9F3BF062ECCD98C00C65753 /* ci-simple.yml in Resources */ = {isa = PBXBuildFile; fileRef = F9F3BF052ECCD98C00C65753 /* ci-simple.yml */; };
		F9F3BF082ECCDD8600C65753 /* ci-final.yml in Resources */ = {isa = PBXBuildFile; fileRef = F9F3BF072ECCDD8600C65753 /* ci-final.yml */; };
		F9F3BF0C2ECD477100C65753 /* GITHUB_ACTIONS_CI_RESEARCH.md in Resources */ = {isa = PBXBuildFile; fileRef = F9F3BF0B2ECD477100C65753 /* GITHUB_ACTIONS_CI_RESEARCH.md */; };
		F9F3BF0E2ECD484400C65753 /* ci_claude.yml in Resources */ = {isa = PBXBuildFile; fileRef = F9F3BF0D2ECD484400C65753 /* ci_claude.yml */; };
		F9F3BF102ECD491600C65753 /* XCODE_PROJECT_SETTINGS_FOR_CI.md in Resources */ = {isa = PBXBuildFile; fileRef = F9F3BF0F2ECD491600C65753 /* XCODE_PROJECT_SETTINGS_FOR_CI.md */; };
		F9F3BF142ECD4AD500C65753 /* CI_COMPARISON_ANALYSIS.md in Resources */ = {isa = PBXBuildFile; fileRef = F9F3BF132ECD4AD500C65753 /* CI_COMPARISON_ANALYSIS.md */; };
		F9F3BF162ECD4BC000C65753 /* ALIGNMENT_CHECK.md in Resources */ = {isa = PBXBuildFile; fileRef = F9F3BF152ECD4BC000C65753 /* ALIGNMENT_CHECK.md */; };
		F9F3BFCA2ECD633C00C65753 /* projectGist.md in Resources */ = {isa = PBXBuildFile; fileRef = F9F3BFC92ECD633C00C65753 /* projectGist.md */; };
		F9FE2CD02EA7B6AD00623663 /* .swiftlint.yml in Resources */ = {isa = PBXBuildFile; fileRef = F9FE2CCF2EA7B6AD00623663 /* .swiftlint.yml */; };
/* End PBXBuildFile section */

/* Begin PBXContainerItemProxy section */
		F9FE2C792EA2666100623663 /* PBXContainerItemProxy */ = {
			isa = PBXContainerItemProxy;
			containerPortal = F9FE2C632EA2665F00623663 /* Project object */;
			proxyType = 1;
			remoteGlobalIDString = F9FE2C6A2EA2665F00623663;
			remoteInfo = SequenceGame;
		};
		F9FE2C832EA2666100623663 /* PBXContainerItemProxy */ = {
			isa = PBXContainerItemProxy;
			containerPortal = F9FE2C632EA2665F00623663 /* Project object */;
			proxyType = 1;
			remoteGlobalIDString = F9FE2C6A2EA2665F00623663;
			remoteInfo = SequenceGame;
		};
/* End PBXContainerItemProxy section */

/* Begin PBXFileReference section */
		F96742C82EDDA1D50096F590 /* AI_PLAYER_IMPLEMENTATION_GUIDE.md */ = {isa = PBXFileReference; lastKnownFileType = net.daringfireball.markdown; path = AI_PLAYER_IMPLEMENTATION_GUIDE.md; sourceTree = "<group>"; };
		F96742C92EDDA1D50096F590 /* AI_PLAYER_STEP_BY_STEP_GUIDE.md */ = {isa = PBXFileReference; lastKnownFileType = net.daringfireball.markdown; path = AI_PLAYER_STEP_BY_STEP_GUIDE.md; sourceTree = "<group>"; };
		F97A04302ED6182B00FC0FD4 /* ASSISTANT_RULES.md */ = {isa = PBXFileReference; lastKnownFileType = net.daringfireball.markdown; path = ASSISTANT_RULES.md; sourceTree = "<group>"; };
		F97AFB642ECF3E6900FC0FD4 /* TODO_FROM_CODE_REVIEWS_2025-11-20.md */ = {isa = PBXFileReference; lastKnownFileType = net.daringfireball.markdown; path = "TODO_FROM_CODE_REVIEWS_2025-11-20.md"; sourceTree = "<group>"; };
		F97AFC422ED08D1D00FC0FD4 /* UI_TEST_FIXES_2025-11-21.md */ = {isa = PBXFileReference; lastKnownFileType = net.daringfireball.markdown; path = "UI_TEST_FIXES_2025-11-21.md"; sourceTree = "<group>"; };
		F9F3BEF32ECC981E00C65753 /* ci.yml */ = {isa = PBXFileReference; lastKnownFileType = text.yaml; name = ci.yml; path = ../.github/workflows/ci.yml; sourceTree = SOURCE_ROOT; };
		F9F3BEF52ECC984E00C65753 /* CI_WORKFLOW_VISUAL_GUIDE.md */ = {isa = PBXFileReference; lastKnownFileType = net.daringfireball.markdown; path = CI_WORKFLOW_VISUAL_GUIDE.md; sourceTree = "<group>"; };
		F9F3BEF72ECC986400C65753 /* code-review.yml */ = {isa = PBXFileReference; lastKnownFileType = text.yaml; name = "code-review.yml"; path = "../.github/workflows/code-review.yml"; sourceTree = SOURCE_ROOT; };
		F9F3BEF82ECC986400C65753 /* coverage.yml */ = {isa = PBXFileReference; lastKnownFileType = text.yaml; name = coverage.yml; path = ../.github/workflows/coverage.yml; sourceTree = SOURCE_ROOT; };
		F9F3BEF92ECC986400C65753 /* deploy.yml */ = {isa = PBXFileReference; lastKnownFileType = text.yaml; name = deploy.yml; path = ../.github/workflows/deploy.yml; sourceTree = SOURCE_ROOT; };
		F9F3BEFA2ECC986400C65753 /* pr-checks.yml */ = {isa = PBXFileReference; lastKnownFileType = text.yaml; name = "pr-checks.yml"; path = "../.github/workflows/pr-checks.yml"; sourceTree = SOURCE_ROOT; };
		F9F3BEFF2ECCA75300C65753 /* .gitattributes */ = {isa = PBXFileReference; lastKnownFileType = text; path = .gitattributes; sourceTree = "<group>"; };
		F9F3BF012ECCA77300C65753 /* CI_TROUBLESHOOTING.md */ = {isa = PBXFileReference; lastKnownFileType = net.daringfireball.markdown; path = CI_TROUBLESHOOTING.md; sourceTree = "<group>"; };
		F9F3BF052ECCD98C00C65753 /* ci-simple.yml */ = {isa = PBXFileReference; lastKnownFileType = text.yaml; path = "ci-simple.yml"; sourceTree = "<group>"; };
		F9F3BF072ECCDD8600C65753 /* ci-final.yml */ = {isa = PBXFileReference; lastKnownFileType = text.yaml; path = "ci-final.yml"; sourceTree = "<group>"; };
		F9F3BF0B2ECD477100C65753 /* GITHUB_ACTIONS_CI_RESEARCH.md */ = {isa = PBXFileReference; lastKnownFileType = net.daringfireball.markdown; path = GITHUB_ACTIONS_CI_RESEARCH.md; sourceTree = "<group>"; };
		F9F3BF0D2ECD484400C65753 /* ci_claude.yml */ = {isa = PBXFileReference; lastKnownFileType = text.yaml; path = ci_claude.yml; sourceTree = "<group>"; };
		F9F3BF0F2ECD491600C65753 /* XCODE_PROJECT_SETTINGS_FOR_CI.md */ = {isa = PBXFileReference; lastKnownFileType = net.daringfireball.markdown; path = XCODE_PROJECT_SETTINGS_FOR_CI.md; sourceTree = "<group>"; };
		F9F3BF132ECD4AD500C65753 /* CI_COMPARISON_ANALYSIS.md */ = {isa = PBXFileReference; lastKnownFileType = net.daringfireball.markdown; path = CI_COMPARISON_ANALYSIS.md; sourceTree = "<group>"; };
		F9F3BF152ECD4BC000C65753 /* ALIGNMENT_CHECK.md */ = {isa = PBXFileReference; lastKnownFileType = net.daringfireball.markdown; path = ALIGNMENT_CHECK.md; sourceTree = "<group>"; };
		F9F3BFC92ECD633C00C65753 /* projectGist.md */ = {isa = PBXFileReference; lastKnownFileType = net.daringfireball.markdown; path = projectGist.md; sourceTree = "<group>"; };
		F9F3C1E22ECD862700C65753 /* ISSUES_AND_IMPROVEMENTS_2025-11-18.md */ = {isa = PBXFileReference; lastKnownFileType = net.daringfireball.markdown; path = "ISSUES_AND_IMPROVEMENTS_2025-11-18.md"; sourceTree = "<group>"; };
		F9F3C1E42ECD876A00C65753 /* WORK_SESSION_2025-11-20.md */ = {isa = PBXFileReference; lastKnownFileType = net.daringfireball.markdown; path = "WORK_SESSION_2025-11-20.md"; sourceTree = "<group>"; };
		F9FE2C6B2EA2665F00623663 /* SequenceGame.app */ = {isa = PBXFileReference; explicitFileType = wrapper.application; includeInIndex = 0; path = SequenceGame.app; sourceTree = BUILT_PRODUCTS_DIR; };
		F9FE2C782EA2666100623663 /* SequenceGameTests.xctest */ = {isa = PBXFileReference; explicitFileType = wrapper.cfbundle; includeInIndex = 0; path = SequenceGameTests.xctest; sourceTree = BUILT_PRODUCTS_DIR; };
		F9FE2C822EA2666100623663 /* SequenceGameUITests.xctest */ = {isa = PBXFileReference; explicitFileType = wrapper.cfbundle; includeInIndex = 0; path = SequenceGameUITests.xctest; sourceTree = BUILT_PRODUCTS_DIR; };
		F9FE2CCF2EA7B6AD00623663 /* .swiftlint.yml */ = {isa = PBXFileReference; lastKnownFileType = text.yaml; path = .swiftlint.yml; sourceTree = "<group>"; };
/* End PBXFileReference section */

/* Begin PBXFileSystemSynchronizedRootGroup section */
		F9C786772ECAEE7100BB94E5 /* nessesary file */ = {
			isa = PBXFileSystemSynchronizedRootGroup;
			path = "nessesary file";
			sourceTree = "<group>";
		};
		F9FE2C6D2EA2665F00623663 /* SequenceGame */ = {
			isa = PBXFileSystemSynchronizedRootGroup;
			path = SequenceGame;
			sourceTree = "<group>";
		};
		F9FE2C7B2EA2666100623663 /* SequenceGameTests */ = {
			isa = PBXFileSystemSynchronizedRootGroup;
			path = SequenceGameTests;
			sourceTree = "<group>";
		};
		F9FE2C852EA2666100623663 /* SequenceGameUITests */ = {
			isa = PBXFileSystemSynchronizedRootGroup;
			path = SequenceGameUITests;
			sourceTree = "<group>";
		};
/* End PBXFileSystemSynchronizedRootGroup section */

/* Begin PBXFrameworksBuildPhase section */
		F9FE2C682EA2665F00623663 /* Frameworks */ = {
			isa = PBXFrameworksBuildPhase;
			buildActionMask = 2147483647;
			files = (
			);
			runOnlyForDeploymentPostprocessing = 0;
		};
		F9FE2C752EA2666100623663 /* Frameworks */ = {
			isa = PBXFrameworksBuildPhase;
			buildActionMask = 2147483647;
			files = (
			);
			runOnlyForDeploymentPostprocessing = 0;
		};
		F9FE2C7F2EA2666100623663 /* Frameworks */ = {
			isa = PBXFrameworksBuildPhase;
			buildActionMask = 2147483647;
			files = (
			);
			runOnlyForDeploymentPostprocessing = 0;
		};
/* End PBXFrameworksBuildPhase section */

/* Begin PBXGroup section */
		F9FE2C622EA2665F00623663 = {
			isa = PBXGroup;
			children = (
				F96742C82EDDA1D50096F590 /* AI_PLAYER_IMPLEMENTATION_GUIDE.md */,
				F96742C92EDDA1D50096F590 /* AI_PLAYER_STEP_BY_STEP_GUIDE.md */,
				F9F3C1E22ECD862700C65753 /* ISSUES_AND_IMPROVEMENTS_2025-11-18.md */,
				F9F3BEF72ECC986400C65753 /* code-review.yml */,
				F9F3BEF82ECC986400C65753 /* coverage.yml */,
				F9F3BEF92ECC986400C65753 /* deploy.yml */,
				F9F3BEFA2ECC986400C65753 /* pr-checks.yml */,
				F9F3BEF32ECC981E00C65753 /* ci.yml */,
				F9C786772ECAEE7100BB94E5 /* nessesary file */,
				F9FE2CCF2EA7B6AD00623663 /* .swiftlint.yml */,
				F9FE2C6D2EA2665F00623663 /* SequenceGame */,
				F9FE2C7B2EA2666100623663 /* SequenceGameTests */,
				F9FE2C852EA2666100623663 /* SequenceGameUITests */,
				F9FE2C6C2EA2665F00623663 /* Products */,
				F9F3BEF52ECC984E00C65753 /* CI_WORKFLOW_VISUAL_GUIDE.md */,
				F9F3BEFF2ECCA75300C65753 /* .gitattributes */,
				F9F3BF012ECCA77300C65753 /* CI_TROUBLESHOOTING.md */,
				F9F3BF052ECCD98C00C65753 /* ci-simple.yml */,
				F9F3BF072ECCDD8600C65753 /* ci-final.yml */,
				F9F3BF0B2ECD477100C65753 /* GITHUB_ACTIONS_CI_RESEARCH.md */,
				F9F3BF0D2ECD484400C65753 /* ci_claude.yml */,
				F9F3BF0F2ECD491600C65753 /* XCODE_PROJECT_SETTINGS_FOR_CI.md */,
				F9F3BF132ECD4AD500C65753 /* CI_COMPARISON_ANALYSIS.md */,
				F9F3BF152ECD4BC000C65753 /* ALIGNMENT_CHECK.md */,
				F9F3BFC92ECD633C00C65753 /* projectGist.md */,
				F9F3C1E42ECD876A00C65753 /* WORK_SESSION_2025-11-20.md */,
				F97AFB642ECF3E6900FC0FD4 /* TODO_FROM_CODE_REVIEWS_2025-11-20.md */,
				F97AFC422ED08D1D00FC0FD4 /* UI_TEST_FIXES_2025-11-21.md */,
				F97A04302ED6182B00FC0FD4 /* ASSISTANT_RULES.md */,
			);
			sourceTree = "<group>";
		};
		F9FE2C6C2EA2665F00623663 /* Products */ = {
			isa = PBXGroup;
			children = (
				F9FE2C6B2EA2665F00623663 /* SequenceGame.app */,
				F9FE2C782EA2666100623663 /* SequenceGameTests.xctest */,
				F9FE2C822EA2666100623663 /* SequenceGameUITests.xctest */,
			);
			name = Products;
			sourceTree = "<group>";
		};
/* End PBXGroup section */

/* Begin PBXNativeTarget section */
		F9FE2C6A2EA2665F00623663 /* SequenceGame */ = {
			isa = PBXNativeTarget;
			buildConfigurationList = F9FE2C8C2EA2666100623663 /* Build configuration list for PBXNativeTarget "SequenceGame" */;
			buildPhases = (
				F9FE2C672EA2665F00623663 /* Sources */,
				F9FE2C682EA2665F00623663 /* Frameworks */,
				F9FE2C692EA2665F00623663 /* Resources */,
				F9FE2CC62EA7B61800623663 /* SwiftLint */,
			);
			buildRules = (
			);
			dependencies = (
			);
			fileSystemSynchronizedGroups = (
				F9C786772ECAEE7100BB94E5 /* nessesary file */,
				F9FE2C6D2EA2665F00623663 /* SequenceGame */,
			);
			name = SequenceGame;
			packageProductDependencies = (
			);
			productName = SequenceGame;
			productReference = F9FE2C6B2EA2665F00623663 /* SequenceGame.app */;
			productType = "com.apple.product-type.application";
		};
		F9FE2C772EA2666100623663 /* SequenceGameTests */ = {
			isa = PBXNativeTarget;
			buildConfigurationList = F9FE2C8F2EA2666100623663 /* Build configuration list for PBXNativeTarget "SequenceGameTests" */;
			buildPhases = (
				F9FE2C742EA2666100623663 /* Sources */,
				F9FE2C752EA2666100623663 /* Frameworks */,
				F9FE2C762EA2666100623663 /* Resources */,
			);
			buildRules = (
			);
			dependencies = (
				F9FE2C7A2EA2666100623663 /* PBXTargetDependency */,
			);
			fileSystemSynchronizedGroups = (
				F9FE2C7B2EA2666100623663 /* SequenceGameTests */,
			);
			name = SequenceGameTests;
			packageProductDependencies = (
			);
			productName = SequenceGameTests;
			productReference = F9FE2C782EA2666100623663 /* SequenceGameTests.xctest */;
			productType = "com.apple.product-type.bundle.unit-test";
		};
		F9FE2C812EA2666100623663 /* SequenceGameUITests */ = {
			isa = PBXNativeTarget;
			buildConfigurationList = F9FE2C922EA2666100623663 /* Build configuration list for PBXNativeTarget "SequenceGameUITests" */;
			buildPhases = (
				F9FE2C7E2EA2666100623663 /* Sources */,
				F9FE2C7F2EA2666100623663 /* Frameworks */,
				F9FE2C802EA2666100623663 /* Resources */,
			);
			buildRules = (
			);
			dependencies = (
				F9FE2C842EA2666100623663 /* PBXTargetDependency */,
			);
			fileSystemSynchronizedGroups = (
				F9FE2C852EA2666100623663 /* SequenceGameUITests */,
			);
			name = SequenceGameUITests;
			packageProductDependencies = (
			);
			productName = SequenceGameUITests;
			productReference = F9FE2C822EA2666100623663 /* SequenceGameUITests.xctest */;
			productType = "com.apple.product-type.bundle.ui-testing";
		};
/* End PBXNativeTarget section */

/* Begin PBXProject section */
		F9FE2C632EA2665F00623663 /* Project object */ = {
			isa = PBXProject;
			attributes = {
				BuildIndependentTargetsInParallel = 1;
				LastSwiftUpdateCheck = 1640;
				LastUpgradeCheck = 2610;
				TargetAttributes = {
					F9FE2C6A2EA2665F00623663 = {
						CreatedOnToolsVersion = 16.4;
					};
					F9FE2C772EA2666100623663 = {
						CreatedOnToolsVersion = 16.4;
						TestTargetID = F9FE2C6A2EA2665F00623663;
					};
					F9FE2C812EA2666100623663 = {
						CreatedOnToolsVersion = 16.4;
						TestTargetID = F9FE2C6A2EA2665F00623663;
					};
				};
			};
			buildConfigurationList = F9FE2C662EA2665F00623663 /* Build configuration list for PBXProject "SequenceGame" */;
			developmentRegion = en;
			hasScannedForEncodings = 0;
			knownRegions = (
				en,
				Base,
			);
			mainGroup = F9FE2C622EA2665F00623663;
			minimizedProjectReferenceProxies = 1;
			preferredProjectObjectVersion = 77;
			productRefGroup = F9FE2C6C2EA2665F00623663 /* Products */;
			projectDirPath = "";
			projectRoot = "";
			targets = (
				F9FE2C6A2EA2665F00623663 /* SequenceGame */,
				F9FE2C772EA2666100623663 /* SequenceGameTests */,
				F9FE2C812EA2666100623663 /* SequenceGameUITests */,
			);
		};
/* End PBXProject section */

/* Begin PBXResourcesBuildPhase section */
		F9FE2C692EA2665F00623663 /* Resources */ = {
			isa = PBXResourcesBuildPhase;
			buildActionMask = 2147483647;
			files = (
				F9F3BEF62ECC984E00C65753 /* CI_WORKFLOW_VISUAL_GUIDE.md in Resources */,
				F9F3BEF42ECC981E00C65753 /* ci.yml in Resources */,
				F97A04312ED6182B00FC0FD4 /* ASSISTANT_RULES.md in Resources */,
				F9F3BEFB2ECC986400C65753 /* pr-checks.yml in Resources */,
				F9F3BEFC2ECC986400C65753 /* code-review.yml in Resources */,
				F9F3BEFD2ECC986400C65753 /* deploy.yml in Resources */,
				F9F3BF0C2ECD477100C65753 /* GITHUB_ACTIONS_CI_RESEARCH.md in Resources */,
				F96742CA2EDDA1D50096F590 /* AI_PLAYER_IMPLEMENTATION_GUIDE.md in Resources */,
				F96742CB2EDDA1D50096F590 /* AI_PLAYER_STEP_BY_STEP_GUIDE.md in Resources */,
				F97AFB652ECF3E6900FC0FD4 /* TODO_FROM_CODE_REVIEWS_2025-11-20.md in Resources */,
				F9F3BEFE2ECC986400C65753 /* coverage.yml in Resources */,
				F97AFC432ED08D1D00FC0FD4 /* UI_TEST_FIXES_2025-11-21.md in Resources */,
				F9F3BF162ECD4BC000C65753 /* ALIGNMENT_CHECK.md in Resources */,
				F9F3BF142ECD4AD500C65753 /* CI_COMPARISON_ANALYSIS.md in Resources */,
				F9F3BFCA2ECD633C00C65753 /* projectGist.md in Resources */,
				F9F3BF062ECCD98C00C65753 /* ci-simple.yml in Resources */,
				F9F3BF082ECCDD8600C65753 /* ci-final.yml in Resources */,
				F9F3BF102ECD491600C65753 /* XCODE_PROJECT_SETTINGS_FOR_CI.md in Resources */,
				F9F3BF002ECCA75300C65753 /* .gitattributes in Resources */,
				F9FE2CD02EA7B6AD00623663 /* .swiftlint.yml in Resources */,
				F9F3BF022ECCA77300C65753 /* CI_TROUBLESHOOTING.md in Resources */,
				F9F3BF0E2ECD484400C65753 /* ci_claude.yml in Resources */,
			);
			runOnlyForDeploymentPostprocessing = 0;
		};
		F9FE2C762EA2666100623663 /* Resources */ = {
			isa = PBXResourcesBuildPhase;
			buildActionMask = 2147483647;
			files = (
			);
			runOnlyForDeploymentPostprocessing = 0;
		};
		F9FE2C802EA2666100623663 /* Resources */ = {
			isa = PBXResourcesBuildPhase;
			buildActionMask = 2147483647;
			files = (
			);
			runOnlyForDeploymentPostprocessing = 0;
		};
/* End PBXResourcesBuildPhase section */

/* Begin PBXShellScriptBuildPhase section */
		F9FE2CC62EA7B61800623663 /* SwiftLint */ = {
			isa = PBXShellScriptBuildPhase;
			alwaysOutOfDate = 1;
			buildActionMask = 12;
			files = (
			);
			inputFileListPaths = (
			);
			inputPaths = (
			);
			name = SwiftLint;
			outputFileListPaths = (
			);
			outputPaths = (
			);
			runOnlyForDeploymentPostprocessing = 0;
			shellPath = /bin/sh;
			shellScript = "if command -v swiftlint >/dev/null 2>&1\nthen\n    swiftlint\nelse\n    echo \"warning: `swiftlint` command not found - See https://github.com/realm/SwiftLint#installation for installation instructions.\"\nfi\n";
		};
/* End PBXShellScriptBuildPhase section */

/* Begin PBXSourcesBuildPhase section */
		F9FE2C672EA2665F00623663 /* Sources */ = {
			isa = PBXSourcesBuildPhase;
			buildActionMask = 2147483647;
			files = (
			);
			runOnlyForDeploymentPostprocessing = 0;
		};
		F9FE2C742EA2666100623663 /* Sources */ = {
			isa = PBXSourcesBuildPhase;
			buildActionMask = 2147483647;
			files = (
			);
			runOnlyForDeploymentPostprocessing = 0;
		};
		F9FE2C7E2EA2666100623663 /* Sources */ = {
			isa = PBXSourcesBuildPhase;
			buildActionMask = 2147483647;
			files = (
			);
			runOnlyForDeploymentPostprocessing = 0;
		};
/* End PBXSourcesBuildPhase section */

/* Begin PBXTargetDependency section */
		F9FE2C7A2EA2666100623663 /* PBXTargetDependency */ = {
			isa = PBXTargetDependency;
			target = F9FE2C6A2EA2665F00623663 /* SequenceGame */;
			targetProxy = F9FE2C792EA2666100623663 /* PBXContainerItemProxy */;
		};
		F9FE2C842EA2666100623663 /* PBXTargetDependency */ = {
			isa = PBXTargetDependency;
			target = F9FE2C6A2EA2665F00623663 /* SequenceGame */;
			targetProxy = F9FE2C832EA2666100623663 /* PBXContainerItemProxy */;
		};
/* End PBXTargetDependency section */

/* Begin XCBuildConfiguration section */
		F9FE2C8A2EA2666100623663 /* Debug */ = {
			isa = XCBuildConfiguration;
			buildSettings = {
				ALWAYS_SEARCH_USER_PATHS = NO;
				ASSETCATALOG_COMPILER_GENERATE_SWIFT_ASSET_SYMBOL_EXTENSIONS = YES;
				CLANG_ANALYZER_NONNULL = YES;
				CLANG_ANALYZER_NUMBER_OBJECT_CONVERSION = YES_AGGRESSIVE;
				CLANG_CXX_LANGUAGE_STANDARD = "gnu++20";
				CLANG_ENABLE_MODULES = YES;
				CLANG_ENABLE_OBJC_ARC = YES;
				CLANG_ENABLE_OBJC_WEAK = YES;
				CLANG_WARN_BLOCK_CAPTURE_AUTORELEASING = YES;
				CLANG_WARN_BOOL_CONVERSION = YES;
				CLANG_WARN_COMMA = YES;
				CLANG_WARN_CONSTANT_CONVERSION = YES;
				CLANG_WARN_DEPRECATED_OBJC_IMPLEMENTATIONS = YES;
				CLANG_WARN_DIRECT_OBJC_ISA_USAGE = YES_ERROR;
				CLANG_WARN_DOCUMENTATION_COMMENTS = YES;
				CLANG_WARN_EMPTY_BODY = YES;
				CLANG_WARN_ENUM_CONVERSION = YES;
				CLANG_WARN_INFINITE_RECURSION = YES;
				CLANG_WARN_INT_CONVERSION = YES;
				CLANG_WARN_NON_LITERAL_NULL_CONVERSION = YES;
				CLANG_WARN_OBJC_IMPLICIT_RETAIN_SELF = YES;
				CLANG_WARN_OBJC_LITERAL_CONVERSION = YES;
				CLANG_WARN_OBJC_ROOT_CLASS = YES_ERROR;
				CLANG_WARN_QUOTED_INCLUDE_IN_FRAMEWORK_HEADER = YES;
				CLANG_WARN_RANGE_LOOP_ANALYSIS = YES;
				CLANG_WARN_STRICT_PROTOTYPES = YES;
				CLANG_WARN_SUSPICIOUS_MOVE = YES;
				CLANG_WARN_UNGUARDED_AVAILABILITY = YES_AGGRESSIVE;
				CLANG_WARN_UNREACHABLE_CODE = YES;
				CLANG_WARN__DUPLICATE_METHOD_MATCH = YES;
				COPY_PHASE_STRIP = NO;
				DEBUG_INFORMATION_FORMAT = dwarf;
				ENABLE_STRICT_OBJC_MSGSEND = YES;
				ENABLE_TESTABILITY = YES;
				ENABLE_USER_SCRIPT_SANDBOXING = NO;
				GCC_C_LANGUAGE_STANDARD = gnu17;
				GCC_DYNAMIC_NO_PIC = NO;
				GCC_NO_COMMON_BLOCKS = YES;
				GCC_OPTIMIZATION_LEVEL = 0;
				GCC_PREPROCESSOR_DEFINITIONS = (
					"DEBUG=1",
					"$(inherited)",
				);
				GCC_WARN_64_TO_32_BIT_CONVERSION = YES;
				GCC_WARN_ABOUT_RETURN_TYPE = YES_ERROR;
				GCC_WARN_UNDECLARED_SELECTOR = YES;
				GCC_WARN_UNINITIALIZED_AUTOS = YES_AGGRESSIVE;
				GCC_WARN_UNUSED_FUNCTION = YES;
				GCC_WARN_UNUSED_VARIABLE = YES;
				IPHONEOS_DEPLOYMENT_TARGET = 17.6;
				LOCALIZATION_PREFERS_STRING_CATALOGS = YES;
				MTL_ENABLE_DEBUG_INFO = INCLUDE_SOURCE;
				MTL_FAST_MATH = YES;
				ONLY_ACTIVE_ARCH = YES;
				SDKROOT = iphoneos;
				STRING_CATALOG_GENERATE_SYMBOLS = YES;
				SWIFT_ACTIVE_COMPILATION_CONDITIONS = "DEBUG $(inherited)";
				SWIFT_OPTIMIZATION_LEVEL = "-Onone";
			};
			name = Debug;
		};
		F9FE2C8B2EA2666100623663 /* Release */ = {
			isa = XCBuildConfiguration;
			buildSettings = {
				ALWAYS_SEARCH_USER_PATHS = NO;
				ASSETCATALOG_COMPILER_GENERATE_SWIFT_ASSET_SYMBOL_EXTENSIONS = YES;
				CLANG_ANALYZER_NONNULL = YES;
				CLANG_ANALYZER_NUMBER_OBJECT_CONVERSION = YES_AGGRESSIVE;
				CLANG_CXX_LANGUAGE_STANDARD = "gnu++20";
				CLANG_ENABLE_MODULES = YES;
				CLANG_ENABLE_OBJC_ARC = YES;
				CLANG_ENABLE_OBJC_WEAK = YES;
				CLANG_WARN_BLOCK_CAPTURE_AUTORELEASING = YES;
				CLANG_WARN_BOOL_CONVERSION = YES;
				CLANG_WARN_COMMA = YES;
				CLANG_WARN_CONSTANT_CONVERSION = YES;
				CLANG_WARN_DEPRECATED_OBJC_IMPLEMENTATIONS = YES;
				CLANG_WARN_DIRECT_OBJC_ISA_USAGE = YES_ERROR;
				CLANG_WARN_DOCUMENTATION_COMMENTS = YES;
				CLANG_WARN_EMPTY_BODY = YES;
				CLANG_WARN_ENUM_CONVERSION = YES;
				CLANG_WARN_INFINITE_RECURSION = YES;
				CLANG_WARN_INT_CONVERSION = YES;
				CLANG_WARN_NON_LITERAL_NULL_CONVERSION = YES;
				CLANG_WARN_OBJC_IMPLICIT_RETAIN_SELF = YES;
				CLANG_WARN_OBJC_LITERAL_CONVERSION = YES;
				CLANG_WARN_OBJC_ROOT_CLASS = YES_ERROR;
				CLANG_WARN_QUOTED_INCLUDE_IN_FRAMEWORK_HEADER = YES;
				CLANG_WARN_RANGE_LOOP_ANALYSIS = YES;
				CLANG_WARN_STRICT_PROTOTYPES = YES;
				CLANG_WARN_SUSPICIOUS_MOVE = YES;
				CLANG_WARN_UNGUARDED_AVAILABILITY = YES_AGGRESSIVE;
				CLANG_WARN_UNREACHABLE_CODE = YES;
				CLANG_WARN__DUPLICATE_METHOD_MATCH = YES;
				COPY_PHASE_STRIP = NO;
				DEBUG_INFORMATION_FORMAT = "dwarf-with-dsym";
				ENABLE_NS_ASSERTIONS = NO;
				ENABLE_STRICT_OBJC_MSGSEND = YES;
				ENABLE_USER_SCRIPT_SANDBOXING = NO;
				GCC_C_LANGUAGE_STANDARD = gnu17;
				GCC_NO_COMMON_BLOCKS = YES;
				GCC_WARN_64_TO_32_BIT_CONVERSION = YES;
				GCC_WARN_ABOUT_RETURN_TYPE = YES_ERROR;
				GCC_WARN_UNDECLARED_SELECTOR = YES;
				GCC_WARN_UNINITIALIZED_AUTOS = YES_AGGRESSIVE;
				GCC_WARN_UNUSED_FUNCTION = YES;
				GCC_WARN_UNUSED_VARIABLE = YES;
				IPHONEOS_DEPLOYMENT_TARGET = 17.6;
				LOCALIZATION_PREFERS_STRING_CATALOGS = YES;
				MTL_ENABLE_DEBUG_INFO = NO;
				MTL_FAST_MATH = YES;
				SDKROOT = iphoneos;
				STRING_CATALOG_GENERATE_SYMBOLS = YES;
				SWIFT_COMPILATION_MODE = wholemodule;
				VALIDATE_PRODUCT = YES;
			};
			name = Release;
		};
		F9FE2C8D2EA2666100623663 /* Debug */ = {
			isa = XCBuildConfiguration;
			buildSettings = {
				ASSETCATALOG_COMPILER_APPICON_NAME = AppIcon;
				ASSETCATALOG_COMPILER_GLOBAL_ACCENT_COLOR_NAME = AccentColor;
				CODE_SIGN_STYLE = Automatic;
				CURRENT_PROJECT_VERSION = 1;
				ENABLE_PREVIEWS = YES;
				GCC_OPTIMIZATION_LEVEL = 0;
				GENERATE_INFOPLIST_FILE = YES;
				INFOPLIST_KEY_UIApplicationSceneManifest_Generation = YES;
				INFOPLIST_KEY_UIApplicationSupportsIndirectInputEvents = YES;
				INFOPLIST_KEY_UILaunchScreen_Generation = YES;
				INFOPLIST_KEY_UIStatusBarStyle = "";
				INFOPLIST_KEY_UISupportedInterfaceOrientations = UIInterfaceOrientationPortrait;
				INFOPLIST_KEY_UISupportedInterfaceOrientations_iPad = "UIInterfaceOrientationLandscapeLeft UIInterfaceOrientationLandscapeRight UIInterfaceOrientationPortrait UIInterfaceOrientationPortraitUpsideDown";
				LD_RUNPATH_SEARCH_PATHS = (
					"$(inherited)",
					"@executable_path/Frameworks",
				);
				MARKETING_VERSION = 1.0;
				PRODUCT_BUNDLE_IDENTIFIER = AAS.SequenceGame;
				PRODUCT_NAME = "$(TARGET_NAME)";
				SUPPORTED_PLATFORMS = "iphoneos iphonesimulator";
				SUPPORTS_MACCATALYST = NO;
				SUPPORTS_MAC_DESIGNED_FOR_IPHONE_IPAD = NO;
				SUPPORTS_XR_DESIGNED_FOR_IPHONE_IPAD = NO;
				SWIFT_EMIT_LOC_STRINGS = YES;
				SWIFT_OPTIMIZATION_LEVEL = "-Onone";
				SWIFT_VERSION = 5.0;
				TARGETED_DEVICE_FAMILY = 1;
				VERSIONING_SYSTEM = "apple-generic";
			};
			name = Debug;
		};
		F9FE2C8E2EA2666100623663 /* Release */ = {
			isa = XCBuildConfiguration;
			buildSettings = {
				ASSETCATALOG_COMPILER_APPICON_NAME = AppIcon;
				ASSETCATALOG_COMPILER_GLOBAL_ACCENT_COLOR_NAME = AccentColor;
				CODE_SIGN_STYLE = Automatic;
				CURRENT_PROJECT_VERSION = 1;
				ENABLE_PREVIEWS = YES;
				GENERATE_INFOPLIST_FILE = YES;
				INFOPLIST_KEY_UIApplicationSceneManifest_Generation = YES;
				INFOPLIST_KEY_UIApplicationSupportsIndirectInputEvents = YES;
				INFOPLIST_KEY_UILaunchScreen_Generation = YES;
				INFOPLIST_KEY_UIStatusBarStyle = "";
				INFOPLIST_KEY_UISupportedInterfaceOrientations = UIInterfaceOrientationPortrait;
				INFOPLIST_KEY_UISupportedInterfaceOrientations_iPad = "UIInterfaceOrientationLandscapeLeft UIInterfaceOrientationLandscapeRight UIInterfaceOrientationPortrait UIInterfaceOrientationPortraitUpsideDown";
				LD_RUNPATH_SEARCH_PATHS = (
					"$(inherited)",
					"@executable_path/Frameworks",
				);
				MARKETING_VERSION = 1.0;
				PRODUCT_BUNDLE_IDENTIFIER = AAS.SequenceGame;
				PRODUCT_NAME = "$(TARGET_NAME)";
				SUPPORTED_PLATFORMS = "iphoneos iphonesimulator";
				SUPPORTS_MACCATALYST = NO;
				SUPPORTS_MAC_DESIGNED_FOR_IPHONE_IPAD = NO;
				SUPPORTS_XR_DESIGNED_FOR_IPHONE_IPAD = NO;
				SWIFT_EMIT_LOC_STRINGS = YES;
				SWIFT_VERSION = 5.0;
				TARGETED_DEVICE_FAMILY = 1;
				VERSIONING_SYSTEM = "apple-generic";
			};
			name = Release;
		};
		F9FE2C902EA2666100623663 /* Debug */ = {
			isa = XCBuildConfiguration;
			buildSettings = {
				BUNDLE_LOADER = "$(TEST_HOST)";
				CODE_SIGN_STYLE = Automatic;
				CURRENT_PROJECT_VERSION = 1;
				GENERATE_INFOPLIST_FILE = YES;
				IPHONEOS_DEPLOYMENT_TARGET = 17.6;
				MARKETING_VERSION = 1.0;
				PRODUCT_BUNDLE_IDENTIFIER = AAS.SequenceGameTests;
				PRODUCT_NAME = "$(TARGET_NAME)";
				SWIFT_EMIT_LOC_STRINGS = NO;
				SWIFT_VERSION = 5.0;
				TARGETED_DEVICE_FAMILY = "1,2";
				TEST_HOST = "$(BUILT_PRODUCTS_DIR)/SequenceGame.app/$(BUNDLE_EXECUTABLE_FOLDER_PATH)/SequenceGame";
			};
			name = Debug;
		};
		F9FE2C912EA2666100623663 /* Release */ = {
			isa = XCBuildConfiguration;
			buildSettings = {
				BUNDLE_LOADER = "$(TEST_HOST)";
				CODE_SIGN_STYLE = Automatic;
				CURRENT_PROJECT_VERSION = 1;
				GENERATE_INFOPLIST_FILE = YES;
				IPHONEOS_DEPLOYMENT_TARGET = 17.6;
				MARKETING_VERSION = 1.0;
				PRODUCT_BUNDLE_IDENTIFIER = AAS.SequenceGameTests;
				PRODUCT_NAME = "$(TARGET_NAME)";
				SWIFT_EMIT_LOC_STRINGS = NO;
				SWIFT_VERSION = 5.0;
				TARGETED_DEVICE_FAMILY = "1,2";
				TEST_HOST = "$(BUILT_PRODUCTS_DIR)/SequenceGame.app/$(BUNDLE_EXECUTABLE_FOLDER_PATH)/SequenceGame";
			};
			name = Release;
		};
		F9FE2C932EA2666100623663 /* Debug */ = {
			isa = XCBuildConfiguration;
			buildSettings = {
				CODE_SIGN_STYLE = Automatic;
				CURRENT_PROJECT_VERSION = 1;
				GENERATE_INFOPLIST_FILE = YES;
				MARKETING_VERSION = 1.0;
				PRODUCT_BUNDLE_IDENTIFIER = AAS.SequenceGameUITests;
				PRODUCT_NAME = "$(TARGET_NAME)";
				SWIFT_EMIT_LOC_STRINGS = NO;
				SWIFT_VERSION = 5.0;
				TARGETED_DEVICE_FAMILY = "1,2";
				TEST_TARGET_NAME = SequenceGame;
			};
			name = Debug;
		};
		F9FE2C942EA2666100623663 /* Release */ = {
			isa = XCBuildConfiguration;
			buildSettings = {
				CODE_SIGN_STYLE = Automatic;
				CURRENT_PROJECT_VERSION = 1;
				GENERATE_INFOPLIST_FILE = YES;
				MARKETING_VERSION = 1.0;
				PRODUCT_BUNDLE_IDENTIFIER = AAS.SequenceGameUITests;
				PRODUCT_NAME = "$(TARGET_NAME)";
				SWIFT_EMIT_LOC_STRINGS = NO;
				SWIFT_VERSION = 5.0;
				TARGETED_DEVICE_FAMILY = "1,2";
				TEST_TARGET_NAME = SequenceGame;
			};
			name = Release;
		};
/* End XCBuildConfiguration section */

/* Begin XCConfigurationList section */
		F9FE2C662EA2665F00623663 /* Build configuration list for PBXProject "SequenceGame" */ = {
			isa = XCConfigurationList;
			buildConfigurations = (
				F9FE2C8A2EA2666100623663 /* Debug */,
				F9FE2C8B2EA2666100623663 /* Release */,
			);
			defaultConfigurationIsVisible = 0;
			defaultConfigurationName = Release;
		};
		F9FE2C8C2EA2666100623663 /* Build configuration list for PBXNativeTarget "SequenceGame" */ = {
			isa = XCConfigurationList;
			buildConfigurations = (
				F9FE2C8D2EA2666100623663 /* Debug */,
				F9FE2C8E2EA2666100623663 /* Release */,
			);
			defaultConfigurationIsVisible = 0;
			defaultConfigurationName = Release;
		};
		F9FE2C8F2EA2666100623663 /* Build configuration list for PBXNativeTarget "SequenceGameTests" */ = {
			isa = XCConfigurationList;
			buildConfigurations = (
				F9FE2C902EA2666100623663 /* Debug */,
				F9FE2C912EA2666100623663 /* Release */,
			);
			defaultConfigurationIsVisible = 0;
			defaultConfigurationName = Release;
		};
		F9FE2C922EA2666100623663 /* Build configuration list for PBXNativeTarget "SequenceGameUITests" */ = {
			isa = XCConfigurationList;
			buildConfigurations = (
				F9FE2C932EA2666100623663 /* Debug */,
				F9FE2C942EA2666100623663 /* Release */,
			);
			defaultConfigurationIsVisible = 0;
			defaultConfigurationName = Release;
		};
/* End XCConfigurationList section */
	};
	rootObject = F9FE2C632EA2665F00623663 /* Project object */;
}
